
Microsoft Visual Studio Solution File, Format Version 12.00
# Visual Studio Version 18
VisualStudioVersion = 18.2.11415.280
MinimumVisualStudioVersion = 10.0.40219.1
Project("{2150E333-8FDC-42A3-9474-1A3956D46DE8}") = "src", "src", "{E2220600-63E1-46AC-928F-1591FAC8B2D7}"
EndProject
Project("{2150E333-8FDC-42A3-9474-1A3956D46DE8}") = "Solution Items", "Solution Items", "{13D3A2F2-6468-4A67-8BBA-CFA3FDCDF4E6}"
	ProjectSection(SolutionItems) = preProject
		AGENTS.md = AGENTS.md
		Directory.Build.props = Directory.Build.props
		Directory.Packages.props = Directory.Packages.props
	EndProjectSection
EndProject
Project("{FAE04EC0-301F-11D3-BF4B-00C04F79EFBC}") = "WebBudget", "src\WebBudget\WebBudget.csproj", "{55E946E6-AFDC-C428-EE55-742C640C7B01}"
EndProject
Project("{FAE04EC0-301F-11D3-BF4B-00C04F79EFBC}") = "PredictiveBudget.Domain", "src\PredictiveBudget.Domain\PredictiveBudget.Domain.csproj", "{140D0DE4-99B4-41F1-881E-511006257679}"
EndProject
Project("{FAE04EC0-301F-11D3-BF4B-00C04F79EFBC}") = "PredictiveBudget.Application", "src\PredictiveBudget.Application\PredictiveBudget.Application.csproj", "{3D3220DC-34FE-49BC-8D9E-71DA6C403812}"
EndProject
Project("{FAE04EC0-301F-11D3-BF4B-00C04F79EFBC}") = "PredictiveBudget.Web", "src\PredictiveBudget.Web\PredictiveBudget.Web.csproj", "{5E8F6E30-6545-485D-88BC-7D960A516C53}"
EndProject
Project("{2150E333-8FDC-42A3-9474-1A3956D46DE8}") = "tests", "tests", "{0AB3BF05-4346-4AA6-1389-037BE0695223}"
EndProject
Project("{FAE04EC0-301F-11D3-BF4B-00C04F79EFBC}") = "PredictiveBudget.Application.Tests", "tests\PredictiveBudget.Application.Tests\PredictiveBudget.Application.Tests.csproj", "{91EFA1E9-B6E2-4971-88B0-2F62ABD3F31A}"
EndProject
Project("{FAE04EC0-301F-11D3-BF4B-00C04F79EFBC}") = "PredictiveBudget.Web.Tests", "tests\PredictiveBudget.Web.Tests\PredictiveBudget.Web.Tests.csproj", "{A9B38794-8338-4837-9F8D-0A8C0452E123}"
EndProject
Project("{FAE04EC0-301F-11D3-BF4B-00C04F79EFBC}") = "PredictiveBudget.Domain.Tests", "tests\PredictiveBudget.Domain.Tests\PredictiveBudget.Domain.Tests.csproj", "{73DA9691-390F-4C29-9B9F-02A45030F0A1}"
EndProject
Project("{FAE04EC0-301F-11D3-BF4B-00C04F79EFBC}") = "PredictiveBudget.Persistence", "src\PredictiveBudget.Persistence\PredictiveBudget.Persistence.csproj", "{C2FD42D5-0C2E-427F-8CE9-81FF80D9F38D}"
EndProject
Global
	GlobalSection(SolutionConfigurationPlatforms) = preSolution
		Debug|Any CPU = Debug|Any CPU
		Debug|ARM64 = Debug|ARM64
		Debug|x64 = Debug|x64
		Debug|x86 = Debug|x86
		Release|Any CPU = Release|Any CPU
		Release|ARM64 = Release|ARM64
		Release|x64 = Release|x64
		Release|x86 = Release|x86
	EndGlobalSection
	GlobalSection(ProjectConfigurationPlatforms) = postSolution
		{55E946E6-AFDC-C428-EE55-742C640C7B01}.Debug|Any CPU.ActiveCfg = Debug|Any CPU
		{55E946E6-AFDC-C428-EE55-742C640C7B01}.Debug|Any CPU.Build.0 = Debug|Any CPU
		{55E946E6-AFDC-C428-EE55-742C640C7B01}.Debug|ARM64.ActiveCfg = Debug|ARM64
		{55E946E6-AFDC-C428-EE55-742C640C7B01}.Debug|ARM64.Build.0 = Debug|ARM64
		{55E946E6-AFDC-C428-EE55-742C640C7B01}.Debug|x64.ActiveCfg = Debug|Any CPU
		{55E946E6-AFDC-C428-EE55-742C640C7B01}.Debug|x64.Build.0 = Debug|Any CPU
		{55E946E6-AFDC-C428-EE55-742C640C7B01}.Debug|x86.ActiveCfg = Debug|Any CPU
		{55E946E6-AFDC-C428-EE55-742C640C7B01}.Debug|x86.Build.0 = Debug|Any CPU
		{55E946E6-AFDC-C428-EE55-742C640C7B01}.Release|Any CPU.ActiveCfg = Release|Any CPU
		{55E946E6-AFDC-C428-EE55-742C640C7B01}.Release|Any CPU.Build.0 = Release|Any CPU
		{55E946E6-AFDC-C428-EE55-742C640C7B01}.Release|ARM64.ActiveCfg = Release|ARM64
		{55E946E6-AFDC-C428-EE55-742C640C7B01}.Release|ARM64.Build.0 = Release|ARM64
		{55E946E6-AFDC-C428-EE55-742C640C7B01}.Release|x64.ActiveCfg = Release|Any CPU
		{55E946E6-AFDC-C428-EE55-742C640C7B01}.Release|x64.Build.0 = Release|Any CPU
		{55E946E6-AFDC-C428-EE55-742C640C7B01}.Release|x86.ActiveCfg = Release|Any CPU
		{55E946E6-AFDC-C428-EE55-742C640C7B01}.Release|x86.Build.0 = Release|Any CPU
		{140D0DE4-99B4-41F1-881E-511006257679}.Debug|Any CPU.ActiveCfg = Debug|Any CPU
		{140D0DE4-99B4-41F1-881E-511006257679}.Debug|Any CPU.Build.0 = Debug|Any CPU
		{140D0DE4-99B4-41F1-881E-511006257679}.Debug|ARM64.ActiveCfg = Debug|Any CPU
		{140D0DE4-99B4-41F1-881E-511006257679}.Debug|ARM64.Build.0 = Debug|Any CPU
		{140D0DE4-99B4-41F1-881E-511006257679}.Debug|x64.ActiveCfg = Debug|Any CPU
		{140D0DE4-99B4-41F1-881E-511006257679}.Debug|x64.Build.0 = Debug|Any CPU
		{140D0DE4-99B4-41F1-881E-511006257679}.Debug|x86.ActiveCfg = Debug|Any CPU
		{140D0DE4-99B4-41F1-881E-511006257679}.Debug|x86.Build.0 = Debug|Any CPU
		{140D0DE4-99B4-41F1-881E-511006257679}.Release|Any CPU.ActiveCfg = Release|Any CPU
		{140D0DE4-99B4-41F1-881E-511006257679}.Release|Any CPU.Build.0 = Release|Any CPU
		{140D0DE4-99B4-41F1-881E-511006257679}.Release|ARM64.ActiveCfg = Release|Any CPU
		{140D0DE4-99B4-41F1-881E-511006257679}.Release|ARM64.Build.0 = Release|Any CPU
		{140D0DE4-99B4-41F1-881E-511006257679}.Release|x64.ActiveCfg = Release|Any CPU
		{140D0DE4-99B4-41F1-881E-511006257679}.Release|x64.Build.0 = Release|Any CPU
		{140D0DE4-99B4-41F1-881E-511006257679}.Release|x86.ActiveCfg = Release|Any CPU
		{140D0DE4-99B4-41F1-881E-511006257679}.Release|x86.Build.0 = Release|Any CPU
		{3D3220DC-34FE-49BC-8D9E-71DA6C403812}.Debug|Any CPU.ActiveCfg = Debug|Any CPU
		{3D3220DC-34FE-49BC-8D9E-71DA6C403812}.Debug|Any CPU.Build.0 = Debug|Any CPU
		{3D3220DC-34FE-49BC-8D9E-71DA6C403812}.Debug|ARM64.ActiveCfg = Debug|Any CPU
		{3D3220DC-34FE-49BC-8D9E-71DA6C403812}.Debug|ARM64.Build.0 = Debug|Any CPU
		{3D3220DC-34FE-49BC-8D9E-71DA6C403812}.Debug|x64.ActiveCfg = Debug|Any CPU
		{3D3220DC-34FE-49BC-8D9E-71DA6C403812}.Debug|x64.Build.0 = Debug|Any CPU
		{3D3220DC-34FE-49BC-8D9E-71DA6C403812}.Debug|x86.ActiveCfg = Debug|Any CPU
		{3D3220DC-34FE-49BC-8D9E-71DA6C403812}.Debug|x86.Build.0 = Debug|Any CPU
		{3D3220DC-34FE-49BC-8D9E-71DA6C403812}.Release|Any CPU.ActiveCfg = Release|Any CPU
		{3D3220DC-34FE-49BC-8D9E-71DA6C403812}.Release|Any CPU.Build.0 = Release|Any CPU
		{3D3220DC-34FE-49BC-8D9E-71DA6C403812}.Release|ARM64.ActiveCfg = Release|Any CPU
		{3D3220DC-34FE-49BC-8D9E-71DA6C403812}.Release|ARM64.Build.0 = Release|Any CPU
		{3D3220DC-34FE-49BC-8D9E-71DA6C403812}.Release|x64.ActiveCfg = Release|Any CPU
		{3D3220DC-34FE-49BC-8D9E-71DA6C403812}.Release|x64.Build.0 = Release|Any CPU
		{3D3220DC-34FE-49BC-8D9E-71DA6C403812}.Release|x86.ActiveCfg = Release|Any CPU
		{3D3220DC-34FE-49BC-8D9E-71DA6C403812}.Release|x86.Build.0 = Release|Any CPU
		{5E8F6E30-6545-485D-88BC-7D960A516C53}.Debug|Any CPU.ActiveCfg = Debug|Any CPU
		{5E8F6E30-6545-485D-88BC-7D960A516C53}.Debug|Any CPU.Build.0 = Debug|Any CPU
		{5E8F6E30-6545-485D-88BC-7D960A516C53}.Debug|ARM64.ActiveCfg = Debug|Any CPU
		{5E8F6E30-6545-485D-88BC-7D960A516C53}.Debug|ARM64.Build.0 = Debug|Any CPU
		{5E8F6E30-6545-485D-88BC-7D960A516C53}.Debug|x64.ActiveCfg = Debug|Any CPU
		{5E8F6E30-6545-485D-88BC-7D960A516C53}.Debug|x64.Build.0 = Debug|Any CPU
		{5E8F6E30-6545-485D-88BC-7D960A516C53}.Debug|x86.ActiveCfg = Debug|Any CPU
		{5E8F6E30-6545-485D-88BC-7D960A516C53}.Debug|x86.Build.0 = Debug|Any CPU
		{5E8F6E30-6545-485D-88BC-7D960A516C53}.Release|Any CPU.ActiveCfg = Release|Any CPU
		{5E8F6E30-6545-485D-88BC-7D960A516C53}.Release|Any CPU.Build.0 = Release|Any CPU
		{5E8F6E30-6545-485D-88BC-7D960A516C53}.Release|ARM64.ActiveCfg = Release|Any CPU
		{5E8F6E30-6545-485D-88BC-7D960A516C53}.Release|ARM64.Build.0 = Release|Any CPU
		{5E8F6E30-6545-485D-88BC-7D960A516C53}.Release|x64.ActiveCfg = Release|Any CPU
		{5E8F6E30-6545-485D-88BC-7D960A516C53}.Release|x64.Build.0 = Release|Any CPU
		{5E8F6E30-6545-485D-88BC-7D960A516C53}.Release|x86.ActiveCfg = Release|Any CPU
		{5E8F6E30-6545-485D-88BC-7D960A516C53}.Release|x86.Build.0 = Release|Any CPU
		{91EFA1E9-B6E2-4971-88B0-2F62ABD3F31A}.Debug|Any CPU.ActiveCfg = Debug|Any CPU
		{91EFA1E9-B6E2-4971-88B0-2F62ABD3F31A}.Debug|Any CPU.Build.0 = Debug|Any CPU
		{91EFA1E9-B6E2-4971-88B0-2F62ABD3F31A}.Debug|ARM64.ActiveCfg = Debug|Any CPU
		{91EFA1E9-B6E2-4971-88B0-2F62ABD3F31A}.Debug|ARM64.Build.0 = Debug|Any CPU
		{91EFA1E9-B6E2-4971-88B0-2F62ABD3F31A}.Debug|x64.ActiveCfg = Debug|Any CPU
		{91EFA1E9-B6E2-4971-88B0-2F62ABD3F31A}.Debug|x64.Build.0 = Debug|Any CPU
		{91EFA1E9-B6E2-4971-88B0-2F62ABD3F31A}.Debug|x86.ActiveCfg = Debug|Any CPU
		{91EFA1E9-B6E2-4971-88B0-2F62ABD3F31A}.Debug|x86.Build.0 = Debug|Any CPU
		{91EFA1E9-B6E2-4971-88B0-2F62ABD3F31A}.Release|Any CPU.ActiveCfg = Release|Any CPU
		{91EFA1E9-B6E2-4971-88B0-2F62ABD3F31A}.Release|Any CPU.Build.0 = Release|Any CPU
		{91EFA1E9-B6E2-4971-88B0-2F62ABD3F31A}.Release|ARM64.ActiveCfg = Release|Any CPU
		{91EFA1E9-B6E2-4971-88B0-2F62ABD3F31A}.Release|ARM64.Build.0 = Release|Any CPU
		{91EFA1E9-B6E2-4971-88B0-2F62ABD3F31A}.Release|x64.ActiveCfg = Release|Any CPU
		{91EFA1E9-B6E2-4971-88B0-2F62ABD3F31A}.Release|x64.Build.0 = Release|Any CPU
		{91EFA1E9-B6E2-4971-88B0-2F62ABD3F31A}.Release|x86.ActiveCfg = Release|Any CPU
		{91EFA1E9-B6E2-4971-88B0-2F62ABD3F31A}.Release|x86.Build.0 = Release|Any CPU
		{A9B38794-8338-4837-9F8D-0A8C0452E123}.Debug|Any CPU.ActiveCfg = Debug|Any CPU
		{A9B38794-8338-4837-9F8D-0A8C0452E123}.Debug|Any CPU.Build.0 = Debug|Any CPU
		{A9B38794-8338-4837-9F8D-0A8C0452E123}.Debug|ARM64.ActiveCfg = Debug|Any CPU
		{A9B38794-8338-4837-9F8D-0A8C0452E123}.Debug|ARM64.Build.0 = Debug|Any CPU
		{A9B38794-8338-4837-9F8D-0A8C0452E123}.Debug|x64.ActiveCfg = Debug|Any CPU
		{A9B38794-8338-4837-9F8D-0A8C0452E123}.Debug|x64.Build.0 = Debug|Any CPU
		{A9B38794-8338-4837-9F8D-0A8C0452E123}.Debug|x86.ActiveCfg = Debug|Any CPU
		{A9B38794-8338-4837-9F8D-0A8C0452E123}.Debug|x86.Build.0 = Debug|Any CPU
		{A9B38794-8338-4837-9F8D-0A8C0452E123}.Release|Any CPU.ActiveCfg = Release|Any CPU
		{A9B38794-8338-4837-9F8D-0A8C0452E123}.Release|Any CPU.Build.0 = Release|Any CPU
		{A9B38794-8338-4837-9F8D-0A8C0452E123}.Release|ARM64.ActiveCfg = Release|Any CPU
		{A9B38794-8338-4837-9F8D-0A8C0452E123}.Release|ARM64.Build.0 = Release|Any CPU
		{A9B38794-8338-4837-9F8D-0A8C0452E123}.Release|x64.ActiveCfg = Release|Any CPU
		{A9B38794-8338-4837-9F8D-0A8C0452E123}.Release|x64.Build.0 = Release|Any CPU
		{A9B38794-8338-4837-9F8D-0A8C0452E123}.Release|x86.ActiveCfg = Release|Any CPU
		{A9B38794-8338-4837-9F8D-0A8C0452E123}.Release|x86.Build.0 = Release|Any CPU
		{73DA9691-390F-4C29-9B9F-02A45030F0A1}.Debug|Any CPU.ActiveCfg = Debug|Any CPU
		{73DA9691-390F-4C29-9B9F-02A45030F0A1}.Debug|Any CPU.Build.0 = Debug|Any CPU
		{73DA9691-390F-4C29-9B9F-02A45030F0A1}.Debug|ARM64.ActiveCfg = Debug|Any CPU
		{73DA9691-390F-4C29-9B9F-02A45030F0A1}.Debug|ARM64.Build.0 = Debug|Any CPU
		{73DA9691-390F-4C29-9B9F-02A45030F0A1}.Debug|x64.ActiveCfg = Debug|Any CPU
		{73DA9691-390F-4C29-9B9F-02A45030F0A1}.Debug|x64.Build.0 = Debug|Any CPU
		{73DA9691-390F-4C29-9B9F-02A45030F0A1}.Debug|x86.ActiveCfg = Debug|Any CPU
		{73DA9691-390F-4C29-9B9F-02A45030F0A1}.Debug|x86.Build.0 = Debug|Any CPU
		{73DA9691-390F-4C29-9B9F-02A45030F0A1}.Release|Any CPU.ActiveCfg = Release|Any CPU
		{73DA9691-390F-4C29-9B9F-02A45030F0A1}.Release|Any CPU.Build.0 = Release|Any CPU
		{73DA9691-390F-4C29-9B9F-02A45030F0A1}.Release|ARM64.ActiveCfg = Release|Any CPU
		{73DA9691-390F-4C29-9B9F-02A45030F0A1}.Release|ARM64.Build.0 = Release|Any CPU
		{73DA9691-390F-4C29-9B9F-02A45030F0A1}.Release|x64.ActiveCfg = Release|Any CPU
		{73DA9691-390F-4C29-9B9F-02A45030F0A1}.Release|x64.Build.0 = Release|Any CPU
		{73DA9691-390F-4C29-9B9F-02A45030F0A1}.Release|x86.ActiveCfg = Release|Any CPU
		{73DA9691-390F-4C29-9B9F-02A45030F0A1}.Release|x86.Build.0 = Release|Any CPU
		{C2FD42D5-0C2E-427F-8CE9-81FF80D9F38D}.Debug|Any CPU.ActiveCfg = Debug|Any CPU
		{C2FD42D5-0C2E-427F-8CE9-81FF80D9F38D}.Debug|Any CPU.Build.0 = Debug|Any CPU
		{C2FD42D5-0C2E-427F-8CE9-81FF80D9F38D}.Debug|ARM64.ActiveCfg = Debug|Any CPU
		{C2FD42D5-0C2E-427F-8CE9-81FF80D9F38D}.Debug|ARM64.Build.0 = Debug|Any CPU
		{C2FD42D5-0C2E-427F-8CE9-81FF80D9F38D}.Debug|x64.ActiveCfg = Debug|Any CPU
		{C2FD42D5-0C2E-427F-8CE9-81FF80D9F38D}.Debug|x64.Build.0 = Debug|Any CPU
		{C2FD42D5-0C2E-427F-8CE9-81FF80D9F38D}.Debug|x86.ActiveCfg = Debug|Any CPU
		{C2FD42D5-0C2E-427F-8CE9-81FF80D9F38D}.Debug|x86.Build.0 = Debug|Any CPU
		{C2FD42D5-0C2E-427F-8CE9-81FF80D9F38D}.Release|Any CPU.ActiveCfg = Release|Any CPU
		{C2FD42D5-0C2E-427F-8CE9-81FF80D9F38D}.Release|Any CPU.Build.0 = Release|Any CPU
		{C2FD42D5-0C2E-427F-8CE9-81FF80D9F38D}.Release|ARM64.ActiveCfg = Release|Any CPU
		{C2FD42D5-0C2E-427F-8CE9-81FF80D9F38D}.Release|ARM64.Build.0 = Release|Any CPU
		{C2FD42D5-0C2E-427F-8CE9-81FF80D9F38D}.Release|x64.ActiveCfg = Release|Any CPU
		{C2FD42D5-0C2E-427F-8CE9-81FF80D9F38D}.Release|x64.Build.0 = Release|Any CPU
		{C2FD42D5-0C2E-427F-8CE9-81FF80D9F38D}.Release|x86.ActiveCfg = Release|Any CPU
		{C2FD42D5-0C2E-427F-8CE9-81FF80D9F38D}.Release|x86.Build.0 = Release|Any CPU
	EndGlobalSection
	GlobalSection(SolutionProperties) = preSolution
		HideSolutionNode = FALSE
	EndGlobalSection
	GlobalSection(NestedProjects) = preSolution
		{55E946E6-AFDC-C428-EE55-742C640C7B01} = {E2220600-63E1-46AC-928F-1591FAC8B2D7}
		{140D0DE4-99B4-41F1-881E-511006257679} = {E2220600-63E1-46AC-928F-1591FAC8B2D7}
		{3D3220DC-34FE-49BC-8D9E-71DA6C403812} = {E2220600-63E1-46AC-928F-1591FAC8B2D7}
		{5E8F6E30-6545-485D-88BC-7D960A516C53} = {E2220600-63E1-46AC-928F-1591FAC8B2D7}
		{91EFA1E9-B6E2-4971-88B0-2F62ABD3F31A} = {0AB3BF05-4346-4AA6-1389-037BE0695223}
		{A9B38794-8338-4837-9F8D-0A8C0452E123} = {0AB3BF05-4346-4AA6-1389-037BE0695223}
		{73DA9691-390F-4C29-9B9F-02A45030F0A1} = {0AB3BF05-4346-4AA6-1389-037BE0695223}
		{C2FD42D5-0C2E-427F-8CE9-81FF80D9F38D} = {E2220600-63E1-46AC-928F-1591FAC8B2D7}
	EndGlobalSection
	GlobalSection(ExtensibilityGlobals) = postSolution
		SolutionGuid = {664154C0-B97A-457B-A330-FFF62E196FC7}
	EndGlobalSection
EndGlobal
